
Microsoft Visual Studio Solution File, Format Version 12.00
# Visual Studio 15
VisualStudioVersion = 15.0.28307.1231
MinimumVisualStudioVersion = 10.0.40219.1
Project("{FAE04EC0-301F-11D3-BF4B-00C04F79EFBC}") = "俄罗斯方块", "俄罗斯方块\俄罗斯方块.csproj", "{BC47B1B2-4ACE-45A5-83C4-B423EB1E3D0A}"
EndProject
Global
	GlobalSection(SolutionConfigurationPlatforms) = preSolution
		Debug|Any CPU = Debug|Any CPU
		Release|Any CPU = Release|Any CPU
	EndGlobalSection
	GlobalSection(ProjectConfigurationPlatforms) = postSolution
		{BC47B1B2-4ACE-45A5-83C4-B423EB1E3D0A}.Debug|Any CPU.ActiveCfg = Debug|Any CPU
		{BC47B1B2-4ACE-45A5-83C4-B423EB1E3D0A}.Debug|Any CPU.Build.0 = Debug|Any CPU
		{BC47B1B2-4ACE-45A5-83C4-B423EB1E3D0A}.Release|Any CPU.ActiveCfg = Release|Any CPU
		{BC47B1B2-4ACE-45A5-83C4-B423EB1E3D0A}.Release|Any CPU.Build.0 = Release|Any CPU
	EndGlobalSection
	GlobalSection(SolutionProperties) = preSolution
		HideSolutionNode = FALSE
	EndGlobalSection
	GlobalSection(ExtensibilityGlobals) = postSolution
		SolutionGuid = {2DF00D64-37AD-43B2-B0EE-BCC5649E7019}
	EndGlobalSection
EndGlobal
